
Microsoft Visual Studio Solution File, Format Version 12.00
# Visual Studio Version 16
VisualStudioVersion = 16.0.30717.126
MinimumVisualStudioVersion = 10.0.40219.1
Project("{9A19103F-16F7-4668-BE54-9A1E7A4F7556}") = "GrpcServiceDemoEK", "GrpcServiceDemoEK\GrpcServiceDemoEK.csproj", "{17F837FE-6A23-4C9B-A0CC-C88DFF8578F3}"
EndProject
Project("{9A19103F-16F7-4668-BE54-9A1E7A4F7556}") = "StarterConsole", "StarterConsole\StarterConsole.csproj", "{C07D720A-35DE-4457-BD8A-716BC1BDA1D9}"
EndProject
Project("{2150E333-8FDC-42A3-9474-1A3956D46DE8}") = "startdemo", "startdemo", "{F2995D17-523B-4851-8B89-273638E22CFC}"
EndProject
Project("{2150E333-8FDC-42A3-9474-1A3956D46DE8}") = "unary", "unary", "{A9F9C8DC-0521-4E52-85DF-49FE830CA5EB}"
EndProject
Project("{2150E333-8FDC-42A3-9474-1A3956D46DE8}") = "Server streaming", "Server streaming", "{845F48BD-F65F-49E3-ADE1-A773F08ED6BB}"
EndProject
Project("{2150E333-8FDC-42A3-9474-1A3956D46DE8}") = "Client streaming", "Client streaming", "{30AE739D-C511-4352-A4D6-D92270D15E0E}"
EndProject
Project("{2150E333-8FDC-42A3-9474-1A3956D46DE8}") = "Bi-directional streaming", "Bi-directional streaming", "{683A568B-566D-4F54-9A6B-8CD144B4B2C7}"
EndProject
Project("{2150E333-8FDC-42A3-9474-1A3956D46DE8}") = "security", "security", "{08DA0BC5-7895-4E58-81C6-0CD3DC17D63A}"
EndProject
Project("{9A19103F-16F7-4668-BE54-9A1E7A4F7556}") = "GrpcServiceBook", "GrpcServiceBook\GrpcServiceBook.csproj", "{1E0D5B81-2F8F-49EF-96DF-0F8D8A9A7D1B}"
EndProject
Project("{9A19103F-16F7-4668-BE54-9A1E7A4F7556}") = "WpfAppGrpcBook", "WpfAppGrpcBook\WpfAppGrpcBook.csproj", "{FE41CA6C-613A-40D6-BB25-AC27F9221D1A}"
EndProject
Project("{9A19103F-16F7-4668-BE54-9A1E7A4F7556}") = "Common", "Common\Common.csproj", "{12121088-59EA-495F-9FC8-C37DC5C5D38B}"
EndProject
Project("{9A19103F-16F7-4668-BE54-9A1E7A4F7556}") = "WpfAppClientServerStream", "WpfAppClientServerStream\WpfAppClientServerStream.csproj", "{0124972C-DA87-4424-8C39-D2022FE41901}"
EndProject
Project("{9A19103F-16F7-4668-BE54-9A1E7A4F7556}") = "GrpcServiceTempature", "GrpcServiceTempature\GrpcServiceTempature.csproj", "{638C8037-8352-4D46-AF8A-D27EFCE4981E}"
EndProject
Project("{9A19103F-16F7-4668-BE54-9A1E7A4F7556}") = "GrpcServiceClientPush", "GrpcServiceClientPush\GrpcServiceClientPush.csproj", "{3C75083D-E93B-4606-8ACD-7ED3F70746BC}"
EndProject
Project("{9A19103F-16F7-4668-BE54-9A1E7A4F7556}") = "GrpcServiceChatter", "GrpcServiceChatter\GrpcServiceChatter.csproj", "{C0B5FE3D-40CB-4F27-BE40-C443A7F08AE8}"
EndProject
Project("{9A19103F-16F7-4668-BE54-9A1E7A4F7556}") = "ChatClient", "ChatClient\ChatClient.csproj", "{0AE123F7-C063-4B0A-87FE-AE5A72615DC5}"
EndProject
Project("{9A19103F-16F7-4668-BE54-9A1E7A4F7556}") = "ChatCommon", "ChatCommon\ChatCommon.csproj", "{62A55418-A8DF-4FE8-8B14-2C3F6EF82870}"
EndProject
Project("{9A19103F-16F7-4668-BE54-9A1E7A4F7556}") = "ChatCommonTests", "ChatCommonTests\ChatCommonTests.csproj", "{B576200D-3DE1-4D67-9164-C67255C5B327}"
EndProject
Project("{9A19103F-16F7-4668-BE54-9A1E7A4F7556}") = "BiTester", "BiTester\BiTester.csproj", "{04FE038E-6C91-40BD-A2EC-D061F44515C8}"
EndProject
Project("{9A19103F-16F7-4668-BE54-9A1E7A4F7556}") = "GrpcServiceUsers", "GrpcServiceUsers\GrpcServiceUsers.csproj", "{90556052-F789-4A8B-AFBD-1E1EA0FF1D4B}"
EndProject
Project("{9A19103F-16F7-4668-BE54-9A1E7A4F7556}") = "UserClienAuth", "UserClienAuth\UserClienAuth.csproj", "{6BE620CE-54A9-4DC9-AE7C-890E3D95A142}"
EndProject
Project("{9A19103F-16F7-4668-BE54-9A1E7A4F7556}") = "ConsoleAppGRPCClientPush", "ConsoleAppGRPCClientPush\ConsoleAppGRPCClientPush.csproj", "{E1A60D8D-1555-4505-9F89-62F0EF8FAEF0}"
EndProject
Project("{FAE04EC0-301F-11D3-BF4B-00C04F79EFBC}") = "XUnitTestProjectServiceUsers", "XUnitTestProjectServiceUsers\XUnitTestProjectServiceUsers.csproj", "{037C3C51-FE70-48BE-A4DA-6A081D816E7C}"
EndProject
Global
	GlobalSection(SolutionConfigurationPlatforms) = preSolution
		Debug|Any CPU = Debug|Any CPU
		Release|Any CPU = Release|Any CPU
	EndGlobalSection
	GlobalSection(ProjectConfigurationPlatforms) = postSolution
		{17F837FE-6A23-4C9B-A0CC-C88DFF8578F3}.Debug|Any CPU.ActiveCfg = Debug|Any CPU
		{17F837FE-6A23-4C9B-A0CC-C88DFF8578F3}.Debug|Any CPU.Build.0 = Debug|Any CPU
		{17F837FE-6A23-4C9B-A0CC-C88DFF8578F3}.Release|Any CPU.ActiveCfg = Release|Any CPU
		{17F837FE-6A23-4C9B-A0CC-C88DFF8578F3}.Release|Any CPU.Build.0 = Release|Any CPU
		{C07D720A-35DE-4457-BD8A-716BC1BDA1D9}.Debug|Any CPU.ActiveCfg = Debug|Any CPU
		{C07D720A-35DE-4457-BD8A-716BC1BDA1D9}.Debug|Any CPU.Build.0 = Debug|Any CPU
		{C07D720A-35DE-4457-BD8A-716BC1BDA1D9}.Release|Any CPU.ActiveCfg = Release|Any CPU
		{C07D720A-35DE-4457-BD8A-716BC1BDA1D9}.Release|Any CPU.Build.0 = Release|Any CPU
		{1E0D5B81-2F8F-49EF-96DF-0F8D8A9A7D1B}.Debug|Any CPU.ActiveCfg = Debug|Any CPU
		{1E0D5B81-2F8F-49EF-96DF-0F8D8A9A7D1B}.Debug|Any CPU.Build.0 = Debug|Any CPU
		{1E0D5B81-2F8F-49EF-96DF-0F8D8A9A7D1B}.Release|Any CPU.ActiveCfg = Release|Any CPU
		{1E0D5B81-2F8F-49EF-96DF-0F8D8A9A7D1B}.Release|Any CPU.Build.0 = Release|Any CPU
		{FE41CA6C-613A-40D6-BB25-AC27F9221D1A}.Debug|Any CPU.ActiveCfg = Debug|Any CPU
		{FE41CA6C-613A-40D6-BB25-AC27F9221D1A}.Debug|Any CPU.Build.0 = Debug|Any CPU
		{FE41CA6C-613A-40D6-BB25-AC27F9221D1A}.Release|Any CPU.ActiveCfg = Release|Any CPU
		{FE41CA6C-613A-40D6-BB25-AC27F9221D1A}.Release|Any CPU.Build.0 = Release|Any CPU
		{12121088-59EA-495F-9FC8-C37DC5C5D38B}.Debug|Any CPU.ActiveCfg = Debug|Any CPU
		{12121088-59EA-495F-9FC8-C37DC5C5D38B}.Debug|Any CPU.Build.0 = Debug|Any CPU
		{12121088-59EA-495F-9FC8-C37DC5C5D38B}.Release|Any CPU.ActiveCfg = Release|Any CPU
		{12121088-59EA-495F-9FC8-C37DC5C5D38B}.Release|Any CPU.Build.0 = Release|Any CPU
		{0124972C-DA87-4424-8C39-D2022FE41901}.Debug|Any CPU.ActiveCfg = Debug|Any CPU
		{0124972C-DA87-4424-8C39-D2022FE41901}.Debug|Any CPU.Build.0 = Debug|Any CPU
		{0124972C-DA87-4424-8C39-D2022FE41901}.Release|Any CPU.ActiveCfg = Release|Any CPU
		{0124972C-DA87-4424-8C39-D2022FE41901}.Release|Any CPU.Build.0 = Release|Any CPU
		{638C8037-8352-4D46-AF8A-D27EFCE4981E}.Debug|Any CPU.ActiveCfg = Debug|Any CPU
		{638C8037-8352-4D46-AF8A-D27EFCE4981E}.Debug|Any CPU.Build.0 = Debug|Any CPU
		{638C8037-8352-4D46-AF8A-D27EFCE4981E}.Release|Any CPU.ActiveCfg = Release|Any CPU
		{638C8037-8352-4D46-AF8A-D27EFCE4981E}.Release|Any CPU.Build.0 = Release|Any CPU
		{3C75083D-E93B-4606-8ACD-7ED3F70746BC}.Debug|Any CPU.ActiveCfg = Debug|Any CPU
		{3C75083D-E93B-4606-8ACD-7ED3F70746BC}.Debug|Any CPU.Build.0 = Debug|Any CPU
		{3C75083D-E93B-4606-8ACD-7ED3F70746BC}.Release|Any CPU.ActiveCfg = Release|Any CPU
		{3C75083D-E93B-4606-8ACD-7ED3F70746BC}.Release|Any CPU.Build.0 = Release|Any CPU
		{C0B5FE3D-40CB-4F27-BE40-C443A7F08AE8}.Debug|Any CPU.ActiveCfg = Debug|Any CPU
		{C0B5FE3D-40CB-4F27-BE40-C443A7F08AE8}.Debug|Any CPU.Build.0 = Debug|Any CPU
		{C0B5FE3D-40CB-4F27-BE40-C443A7F08AE8}.Release|Any CPU.ActiveCfg = Release|Any CPU
		{C0B5FE3D-40CB-4F27-BE40-C443A7F08AE8}.Release|Any CPU.Build.0 = Release|Any CPU
		{0AE123F7-C063-4B0A-87FE-AE5A72615DC5}.Debug|Any CPU.ActiveCfg = Debug|Any CPU
		{0AE123F7-C063-4B0A-87FE-AE5A72615DC5}.Debug|Any CPU.Build.0 = Debug|Any CPU
		{0AE123F7-C063-4B0A-87FE-AE5A72615DC5}.Release|Any CPU.ActiveCfg = Release|Any CPU
		{0AE123F7-C063-4B0A-87FE-AE5A72615DC5}.Release|Any CPU.Build.0 = Release|Any CPU
		{62A55418-A8DF-4FE8-8B14-2C3F6EF82870}.Debug|Any CPU.ActiveCfg = Debug|Any CPU
		{62A55418-A8DF-4FE8-8B14-2C3F6EF82870}.Debug|Any CPU.Build.0 = Debug|Any CPU
		{62A55418-A8DF-4FE8-8B14-2C3F6EF82870}.Release|Any CPU.ActiveCfg = Release|Any CPU
		{62A55418-A8DF-4FE8-8B14-2C3F6EF82870}.Release|Any CPU.Build.0 = Release|Any CPU
		{B576200D-3DE1-4D67-9164-C67255C5B327}.Debug|Any CPU.ActiveCfg = Debug|Any CPU
		{B576200D-3DE1-4D67-9164-C67255C5B327}.Debug|Any CPU.Build.0 = Debug|Any CPU
		{B576200D-3DE1-4D67-9164-C67255C5B327}.Release|Any CPU.ActiveCfg = Release|Any CPU
		{B576200D-3DE1-4D67-9164-C67255C5B327}.Release|Any CPU.Build.0 = Release|Any CPU
		{04FE038E-6C91-40BD-A2EC-D061F44515C8}.Debug|Any CPU.ActiveCfg = Debug|Any CPU
		{04FE038E-6C91-40BD-A2EC-D061F44515C8}.Debug|Any CPU.Build.0 = Debug|Any CPU
		{04FE038E-6C91-40BD-A2EC-D061F44515C8}.Release|Any CPU.ActiveCfg = Release|Any CPU
		{04FE038E-6C91-40BD-A2EC-D061F44515C8}.Release|Any CPU.Build.0 = Release|Any CPU
		{90556052-F789-4A8B-AFBD-1E1EA0FF1D4B}.Debug|Any CPU.ActiveCfg = Debug|Any CPU
		{90556052-F789-4A8B-AFBD-1E1EA0FF1D4B}.Debug|Any CPU.Build.0 = Debug|Any CPU
		{90556052-F789-4A8B-AFBD-1E1EA0FF1D4B}.Release|Any CPU.ActiveCfg = Release|Any CPU
		{90556052-F789-4A8B-AFBD-1E1EA0FF1D4B}.Release|Any CPU.Build.0 = Release|Any CPU
		{6BE620CE-54A9-4DC9-AE7C-890E3D95A142}.Debug|Any CPU.ActiveCfg = Debug|Any CPU
		{6BE620CE-54A9-4DC9-AE7C-890E3D95A142}.Debug|Any CPU.Build.0 = Debug|Any CPU
		{6BE620CE-54A9-4DC9-AE7C-890E3D95A142}.Release|Any CPU.ActiveCfg = Release|Any CPU
		{6BE620CE-54A9-4DC9-AE7C-890E3D95A142}.Release|Any CPU.Build.0 = Release|Any CPU
		{E1A60D8D-1555-4505-9F89-62F0EF8FAEF0}.Debug|Any CPU.ActiveCfg = Debug|Any CPU
		{E1A60D8D-1555-4505-9F89-62F0EF8FAEF0}.Debug|Any CPU.Build.0 = Debug|Any CPU
		{E1A60D8D-1555-4505-9F89-62F0EF8FAEF0}.Release|Any CPU.ActiveCfg = Release|Any CPU
		{E1A60D8D-1555-4505-9F89-62F0EF8FAEF0}.Release|Any CPU.Build.0 = Release|Any CPU
		{037C3C51-FE70-48BE-A4DA-6A081D816E7C}.Debug|Any CPU.ActiveCfg = Debug|Any CPU
		{037C3C51-FE70-48BE-A4DA-6A081D816E7C}.Debug|Any CPU.Build.0 = Debug|Any CPU
		{037C3C51-FE70-48BE-A4DA-6A081D816E7C}.Release|Any CPU.ActiveCfg = Release|Any CPU
		{037C3C51-FE70-48BE-A4DA-6A081D816E7C}.Release|Any CPU.Build.0 = Release|Any CPU
	EndGlobalSection
	GlobalSection(SolutionProperties) = preSolution
		HideSolutionNode = FALSE
	EndGlobalSection
	GlobalSection(NestedProjects) = preSolution
		{17F837FE-6A23-4C9B-A0CC-C88DFF8578F3} = {F2995D17-523B-4851-8B89-273638E22CFC}
		{C07D720A-35DE-4457-BD8A-716BC1BDA1D9} = {F2995D17-523B-4851-8B89-273638E22CFC}
		{1E0D5B81-2F8F-49EF-96DF-0F8D8A9A7D1B} = {A9F9C8DC-0521-4E52-85DF-49FE830CA5EB}
		{FE41CA6C-613A-40D6-BB25-AC27F9221D1A} = {A9F9C8DC-0521-4E52-85DF-49FE830CA5EB}
		{12121088-59EA-495F-9FC8-C37DC5C5D38B} = {A9F9C8DC-0521-4E52-85DF-49FE830CA5EB}
		{0124972C-DA87-4424-8C39-D2022FE41901} = {845F48BD-F65F-49E3-ADE1-A773F08ED6BB}
		{638C8037-8352-4D46-AF8A-D27EFCE4981E} = {845F48BD-F65F-49E3-ADE1-A773F08ED6BB}
		{3C75083D-E93B-4606-8ACD-7ED3F70746BC} = {30AE739D-C511-4352-A4D6-D92270D15E0E}
		{C0B5FE3D-40CB-4F27-BE40-C443A7F08AE8} = {683A568B-566D-4F54-9A6B-8CD144B4B2C7}
		{0AE123F7-C063-4B0A-87FE-AE5A72615DC5} = {683A568B-566D-4F54-9A6B-8CD144B4B2C7}
		{62A55418-A8DF-4FE8-8B14-2C3F6EF82870} = {683A568B-566D-4F54-9A6B-8CD144B4B2C7}
		{B576200D-3DE1-4D67-9164-C67255C5B327} = {683A568B-566D-4F54-9A6B-8CD144B4B2C7}
		{04FE038E-6C91-40BD-A2EC-D061F44515C8} = {683A568B-566D-4F54-9A6B-8CD144B4B2C7}
		{90556052-F789-4A8B-AFBD-1E1EA0FF1D4B} = {08DA0BC5-7895-4E58-81C6-0CD3DC17D63A}
		{6BE620CE-54A9-4DC9-AE7C-890E3D95A142} = {08DA0BC5-7895-4E58-81C6-0CD3DC17D63A}
		{E1A60D8D-1555-4505-9F89-62F0EF8FAEF0} = {30AE739D-C511-4352-A4D6-D92270D15E0E}
		{037C3C51-FE70-48BE-A4DA-6A081D816E7C} = {08DA0BC5-7895-4E58-81C6-0CD3DC17D63A}
	EndGlobalSection
	GlobalSection(ExtensibilityGlobals) = postSolution
		SolutionGuid = {6ACE0D00-43A0-4A69-8A81-310958807C1B}
	EndGlobalSection
EndGlobal
