
Microsoft Visual Studio Solution File, Format Version 12.00
# Visual Studio Version 17
VisualStudioVersion = 17.1.32328.378
MinimumVisualStudioVersion = 10.0.40219.1
Project("{FAE04EC0-301F-11D3-BF4B-00C04F79EFBC}") = "ConfigurationDemo.ServerSide", "ConfigurationDemo.ServerSide\ConfigurationDemo.ServerSide.csproj", "{3224BB94-4B78-41C5-BD81-5A86975EF775}"
EndProject
Project("{FAE04EC0-301F-11D3-BF4B-00C04F79EFBC}") = "ConfigurationDemo.ConsoleClient", "ConfigurationDemo.ConsoleClient\ConfigurationDemo.ConsoleClient.csproj", "{7211D6A6-CF3E-47CB-B3B9-372156ADFD8B}"
EndProject
Global
	GlobalSection(SolutionConfigurationPlatforms) = preSolution
		Debug|Any CPU = Debug|Any CPU
		Release|Any CPU = Release|Any CPU
	EndGlobalSection
	GlobalSection(ProjectConfigurationPlatforms) = postSolution
		{3224BB94-4B78-41C5-BD81-5A86975EF775}.Debug|Any CPU.ActiveCfg = Debug|Any CPU
		{3224BB94-4B78-41C5-BD81-5A86975EF775}.Debug|Any CPU.Build.0 = Debug|Any CPU
		{3224BB94-4B78-41C5-BD81-5A86975EF775}.Release|Any CPU.ActiveCfg = Release|Any CPU
		{3224BB94-4B78-41C5-BD81-5A86975EF775}.Release|Any CPU.Build.0 = Release|Any CPU
		{7211D6A6-CF3E-47CB-B3B9-372156ADFD8B}.Debug|Any CPU.ActiveCfg = Debug|Any CPU
		{7211D6A6-CF3E-47CB-B3B9-372156ADFD8B}.Debug|Any CPU.Build.0 = Debug|Any CPU
		{7211D6A6-CF3E-47CB-B3B9-372156ADFD8B}.Release|Any CPU.ActiveCfg = Release|Any CPU
		{7211D6A6-CF3E-47CB-B3B9-372156ADFD8B}.Release|Any CPU.Build.0 = Release|Any CPU
	EndGlobalSection
	GlobalSection(SolutionProperties) = preSolution
		HideSolutionNode = FALSE
	EndGlobalSection
	GlobalSection(ExtensibilityGlobals) = postSolution
		SolutionGuid = {16C47E04-D50E-4830-A260-ADF977A92A5D}
	EndGlobalSection
EndGlobal
