
Microsoft Visual Studio Solution File, Format Version 12.00
# Visual Studio Version 16
VisualStudioVersion = 16.0.30413.136
MinimumVisualStudioVersion = 10.0.40219.1
Project("{FAE04EC0-301F-11D3-BF4B-00C04F79EFBC}") = "Lab2", "Lab2\Lab2.csproj", "{23D23495-6042-4AA6-A1F9-CB831854512F}"
EndProject
Project("{FAE04EC0-301F-11D3-BF4B-00C04F79EFBC}") = "RegisterClient", "RegisterClient\RegisterClient.csproj", "{A1A6F63F-3DED-4ADF-9053-1ACE7EEFBF56}"
EndProject
Global
	GlobalSection(SolutionConfigurationPlatforms) = preSolution
		Debug|Any CPU = Debug|Any CPU
		Release|Any CPU = Release|Any CPU
	EndGlobalSection
	GlobalSection(ProjectConfigurationPlatforms) = postSolution
		{23D23495-6042-4AA6-A1F9-CB831854512F}.Debug|Any CPU.ActiveCfg = Debug|Any CPU
		{23D23495-6042-4AA6-A1F9-CB831854512F}.Debug|Any CPU.Build.0 = Debug|Any CPU
		{23D23495-6042-4AA6-A1F9-CB831854512F}.Release|Any CPU.ActiveCfg = Release|Any CPU
		{23D23495-6042-4AA6-A1F9-CB831854512F}.Release|Any CPU.Build.0 = Release|Any CPU
		{A1A6F63F-3DED-4ADF-9053-1ACE7EEFBF56}.Debug|Any CPU.ActiveCfg = Debug|Any CPU
		{A1A6F63F-3DED-4ADF-9053-1ACE7EEFBF56}.Debug|Any CPU.Build.0 = Debug|Any CPU
		{A1A6F63F-3DED-4ADF-9053-1ACE7EEFBF56}.Release|Any CPU.ActiveCfg = Release|Any CPU
		{A1A6F63F-3DED-4ADF-9053-1ACE7EEFBF56}.Release|Any CPU.Build.0 = Release|Any CPU
	EndGlobalSection
	GlobalSection(SolutionProperties) = preSolution
		HideSolutionNode = FALSE
	EndGlobalSection
	GlobalSection(ExtensibilityGlobals) = postSolution
		SolutionGuid = {6ECE305B-E47A-44D5-B472-917453C059A0}
	EndGlobalSection
EndGlobal
