
Microsoft Visual Studio Solution File, Format Version 12.00
# Visual Studio Version 17
VisualStudioVersion = 17.1.32328.378
MinimumVisualStudioVersion = 10.0.40219.1
Project("{9A19103F-16F7-4668-BE54-9A1E7A4F7556}") = "GrpcWebDemo.ServerSide", "GrpcWebDemo.ServerSide\GrpcWebDemo.ServerSide.csproj", "{B88777FB-86DD-4E9A-8F2C-AB525667A30B}"
EndProject
Project("{9A19103F-16F7-4668-BE54-9A1E7A4F7556}") = "GrpcWebDemo.BlazorWebClient", "GrpcWebDemo.BlazorWebClient\GrpcWebDemo.BlazorWebClient.csproj", "{51FDE9F1-8674-42DF-B038-D6E77DE99DAF}"
EndProject
Global
	GlobalSection(SolutionConfigurationPlatforms) = preSolution
		Debug|Any CPU = Debug|Any CPU
		Release|Any CPU = Release|Any CPU
	EndGlobalSection
	GlobalSection(ProjectConfigurationPlatforms) = postSolution
		{B88777FB-86DD-4E9A-8F2C-AB525667A30B}.Debug|Any CPU.ActiveCfg = Debug|Any CPU
		{B88777FB-86DD-4E9A-8F2C-AB525667A30B}.Debug|Any CPU.Build.0 = Debug|Any CPU
		{B88777FB-86DD-4E9A-8F2C-AB525667A30B}.Release|Any CPU.ActiveCfg = Release|Any CPU
		{B88777FB-86DD-4E9A-8F2C-AB525667A30B}.Release|Any CPU.Build.0 = Release|Any CPU
		{51FDE9F1-8674-42DF-B038-D6E77DE99DAF}.Debug|Any CPU.ActiveCfg = Debug|Any CPU
		{51FDE9F1-8674-42DF-B038-D6E77DE99DAF}.Debug|Any CPU.Build.0 = Debug|Any CPU
		{51FDE9F1-8674-42DF-B038-D6E77DE99DAF}.Release|Any CPU.ActiveCfg = Release|Any CPU
		{51FDE9F1-8674-42DF-B038-D6E77DE99DAF}.Release|Any CPU.Build.0 = Release|Any CPU
	EndGlobalSection
	GlobalSection(SolutionProperties) = preSolution
		HideSolutionNode = FALSE
	EndGlobalSection
	GlobalSection(ExtensibilityGlobals) = postSolution
		SolutionGuid = {FB36E81D-EB7D-4198-8686-60E1067BC19F}
	EndGlobalSection
EndGlobal
