
Microsoft Visual Studio Solution File, Format Version 12.00
# Visual Studio Version 17
VisualStudioVersion = 17.1.32319.34
MinimumVisualStudioVersion = 10.0.40219.1
Project("{FAE04EC0-301F-11D3-BF4B-00C04F79EFBC}") = "FirstDemo.ServerSide", "FirstDemo.ServerSide\FirstDemo.ServerSide.csproj", "{B1BE40A9-168E-4AAD-9CDA-C59BD2833652}"
EndProject
Project("{FAE04EC0-301F-11D3-BF4B-00C04F79EFBC}") = "FirstDemo.ClientSideConsole", "FirstDemo.ClientSideConsole\FirstDemo.ClientSideConsole.csproj", "{A04C5FE2-C779-4335-A3ED-13E6162A6AAF}"
EndProject
Global
	GlobalSection(SolutionConfigurationPlatforms) = preSolution
		Debug|Any CPU = Debug|Any CPU
		Release|Any CPU = Release|Any CPU
	EndGlobalSection
	GlobalSection(ProjectConfigurationPlatforms) = postSolution
		{B1BE40A9-168E-4AAD-9CDA-C59BD2833652}.Debug|Any CPU.ActiveCfg = Debug|Any CPU
		{B1BE40A9-168E-4AAD-9CDA-C59BD2833652}.Debug|Any CPU.Build.0 = Debug|Any CPU
		{B1BE40A9-168E-4AAD-9CDA-C59BD2833652}.Release|Any CPU.ActiveCfg = Release|Any CPU
		{B1BE40A9-168E-4AAD-9CDA-C59BD2833652}.Release|Any CPU.Build.0 = Release|Any CPU
		{A04C5FE2-C779-4335-A3ED-13E6162A6AAF}.Debug|Any CPU.ActiveCfg = Debug|Any CPU
		{A04C5FE2-C779-4335-A3ED-13E6162A6AAF}.Debug|Any CPU.Build.0 = Debug|Any CPU
		{A04C5FE2-C779-4335-A3ED-13E6162A6AAF}.Release|Any CPU.ActiveCfg = Release|Any CPU
		{A04C5FE2-C779-4335-A3ED-13E6162A6AAF}.Release|Any CPU.Build.0 = Release|Any CPU
	EndGlobalSection
	GlobalSection(SolutionProperties) = preSolution
		HideSolutionNode = FALSE
	EndGlobalSection
	GlobalSection(ExtensibilityGlobals) = postSolution
		SolutionGuid = {89485559-9371-4EA6-AF5F-F4374ECE751B}
	EndGlobalSection
EndGlobal
