
Microsoft Visual Studio Solution File, Format Version 12.00
# Visual Studio Version 16
VisualStudioVersion = 16.0.30413.136
MinimumVisualStudioVersion = 10.0.40219.1
Project("{FAE04EC0-301F-11D3-BF4B-00C04F79EFBC}") = "Lab4", "Lab4\Lab4.csproj", "{24B5D704-C0B8-41B2-A341-534EC886C57D}"
EndProject
Project("{FAE04EC0-301F-11D3-BF4B-00C04F79EFBC}") = "Lab4Client", "Lab4Client\Lab4Client.csproj", "{2FC32277-F40F-46B2-B2B0-882EB1BA5F9E}"
EndProject
Global
	GlobalSection(SolutionConfigurationPlatforms) = preSolution
		Debug|Any CPU = Debug|Any CPU
		Release|Any CPU = Release|Any CPU
	EndGlobalSection
	GlobalSection(ProjectConfigurationPlatforms) = postSolution
		{24B5D704-C0B8-41B2-A341-534EC886C57D}.Debug|Any CPU.ActiveCfg = Debug|Any CPU
		{24B5D704-C0B8-41B2-A341-534EC886C57D}.Debug|Any CPU.Build.0 = Debug|Any CPU
		{24B5D704-C0B8-41B2-A341-534EC886C57D}.Release|Any CPU.ActiveCfg = Release|Any CPU
		{24B5D704-C0B8-41B2-A341-534EC886C57D}.Release|Any CPU.Build.0 = Release|Any CPU
		{2FC32277-F40F-46B2-B2B0-882EB1BA5F9E}.Debug|Any CPU.ActiveCfg = Debug|Any CPU
		{2FC32277-F40F-46B2-B2B0-882EB1BA5F9E}.Debug|Any CPU.Build.0 = Debug|Any CPU
		{2FC32277-F40F-46B2-B2B0-882EB1BA5F9E}.Release|Any CPU.ActiveCfg = Release|Any CPU
		{2FC32277-F40F-46B2-B2B0-882EB1BA5F9E}.Release|Any CPU.Build.0 = Release|Any CPU
	EndGlobalSection
	GlobalSection(SolutionProperties) = preSolution
		HideSolutionNode = FALSE
	EndGlobalSection
	GlobalSection(ExtensibilityGlobals) = postSolution
		SolutionGuid = {AE1702E6-35D3-4963-9E79-855BF77BC0D2}
	EndGlobalSection
EndGlobal
